
Microsoft Visual Studio Solution File, Format Version 12.00
Project("{2150E333-8FDC-42A3-9474-1A3956D46DE8}") = "Core", "Core", "{F51FF79C-2BCA-497D-B94B-A397A5E59592}"
EndProject
Project("{2150E333-8FDC-42A3-9474-1A3956D46DE8}") = "Presentation", "Presentation", "{AF2D3194-9A44-4D33-ADBF-C1719E0FAB01}"
EndProject
Project("{FAE04EC0-301F-11D3-BF4B-00C04F79EFBC}") = "WebApi", "Presentation\WebApi\WebApi.csproj", "{14D386ED-FBA8-48AE-8C3D-1CB6A2DA6B02}"
EndProject
Project("{FAE04EC0-301F-11D3-BF4B-00C04F79EFBC}") = "Application", "Core\Application\Application.csproj", "{86091CE8-70BB-4659-A3CD-0D92B5DCCF6C}"
EndProject
Project("{FAE04EC0-301F-11D3-BF4B-00C04F79EFBC}") = "Domain", "Core\Domain\Domain.csproj", "{C2AE713E-5961-4691-AFA2-3F52D92F6EDA}"
EndProject
Project("{2150E333-8FDC-42A3-9474-1A3956D46DE8}") = "Infraestructure", "Infraestructure", "{78125A6D-7EB1-47AF-BD4F-1CE64F711FB8}"
EndProject
Project("{FAE04EC0-301F-11D3-BF4B-00C04F79EFBC}") = "Identity", "Infraestructure\Identity\Identity.csproj", "{0D0BAED4-33FC-444E-A1BD-542458205BCE}"
EndProject
Project("{FAE04EC0-301F-11D3-BF4B-00C04F79EFBC}") = "Persistence", "Infraestructure\Persistence\Persistence.csproj", "{9037F2DF-6423-42E5-8767-A784B8CF2C97}"
EndProject
Project("{FAE04EC0-301F-11D3-BF4B-00C04F79EFBC}") = "Shared", "Infraestructure\Shared\Shared.csproj", "{559A6985-7D6E-4C78-AB7B-5FC40DB9AAB6}"
EndProject
Global
	GlobalSection(SolutionConfigurationPlatforms) = preSolution
		Debug|Any CPU = Debug|Any CPU
		Release|Any CPU = Release|Any CPU
	EndGlobalSection
	GlobalSection(NestedProjects) = preSolution
		{14D386ED-FBA8-48AE-8C3D-1CB6A2DA6B02} = {AF2D3194-9A44-4D33-ADBF-C1719E0FAB01}
		{86091CE8-70BB-4659-A3CD-0D92B5DCCF6C} = {F51FF79C-2BCA-497D-B94B-A397A5E59592}
		{C2AE713E-5961-4691-AFA2-3F52D92F6EDA} = {F51FF79C-2BCA-497D-B94B-A397A5E59592}
		{0D0BAED4-33FC-444E-A1BD-542458205BCE} = {78125A6D-7EB1-47AF-BD4F-1CE64F711FB8}
		{9037F2DF-6423-42E5-8767-A784B8CF2C97} = {78125A6D-7EB1-47AF-BD4F-1CE64F711FB8}
		{559A6985-7D6E-4C78-AB7B-5FC40DB9AAB6} = {78125A6D-7EB1-47AF-BD4F-1CE64F711FB8}
	EndGlobalSection
	GlobalSection(ProjectConfigurationPlatforms) = postSolution
		{14D386ED-FBA8-48AE-8C3D-1CB6A2DA6B02}.Debug|Any CPU.ActiveCfg = Debug|Any CPU
		{14D386ED-FBA8-48AE-8C3D-1CB6A2DA6B02}.Debug|Any CPU.Build.0 = Debug|Any CPU
		{14D386ED-FBA8-48AE-8C3D-1CB6A2DA6B02}.Release|Any CPU.ActiveCfg = Release|Any CPU
		{14D386ED-FBA8-48AE-8C3D-1CB6A2DA6B02}.Release|Any CPU.Build.0 = Release|Any CPU
		{86091CE8-70BB-4659-A3CD-0D92B5DCCF6C}.Debug|Any CPU.ActiveCfg = Debug|Any CPU
		{86091CE8-70BB-4659-A3CD-0D92B5DCCF6C}.Debug|Any CPU.Build.0 = Debug|Any CPU
		{86091CE8-70BB-4659-A3CD-0D92B5DCCF6C}.Release|Any CPU.ActiveCfg = Release|Any CPU
		{86091CE8-70BB-4659-A3CD-0D92B5DCCF6C}.Release|Any CPU.Build.0 = Release|Any CPU
		{C2AE713E-5961-4691-AFA2-3F52D92F6EDA}.Debug|Any CPU.ActiveCfg = Debug|Any CPU
		{C2AE713E-5961-4691-AFA2-3F52D92F6EDA}.Debug|Any CPU.Build.0 = Debug|Any CPU
		{C2AE713E-5961-4691-AFA2-3F52D92F6EDA}.Release|Any CPU.ActiveCfg = Release|Any CPU
		{C2AE713E-5961-4691-AFA2-3F52D92F6EDA}.Release|Any CPU.Build.0 = Release|Any CPU
		{0D0BAED4-33FC-444E-A1BD-542458205BCE}.Debug|Any CPU.ActiveCfg = Debug|Any CPU
		{0D0BAED4-33FC-444E-A1BD-542458205BCE}.Debug|Any CPU.Build.0 = Debug|Any CPU
		{0D0BAED4-33FC-444E-A1BD-542458205BCE}.Release|Any CPU.ActiveCfg = Release|Any CPU
		{0D0BAED4-33FC-444E-A1BD-542458205BCE}.Release|Any CPU.Build.0 = Release|Any CPU
		{9037F2DF-6423-42E5-8767-A784B8CF2C97}.Debug|Any CPU.ActiveCfg = Debug|Any CPU
		{9037F2DF-6423-42E5-8767-A784B8CF2C97}.Debug|Any CPU.Build.0 = Debug|Any CPU
		{9037F2DF-6423-42E5-8767-A784B8CF2C97}.Release|Any CPU.ActiveCfg = Release|Any CPU
		{9037F2DF-6423-42E5-8767-A784B8CF2C97}.Release|Any CPU.Build.0 = Release|Any CPU
		{559A6985-7D6E-4C78-AB7B-5FC40DB9AAB6}.Debug|Any CPU.ActiveCfg = Debug|Any CPU
		{559A6985-7D6E-4C78-AB7B-5FC40DB9AAB6}.Debug|Any CPU.Build.0 = Debug|Any CPU
		{559A6985-7D6E-4C78-AB7B-5FC40DB9AAB6}.Release|Any CPU.ActiveCfg = Release|Any CPU
		{559A6985-7D6E-4C78-AB7B-5FC40DB9AAB6}.Release|Any CPU.Build.0 = Release|Any CPU
	EndGlobalSection
EndGlobal
